
Microsoft Visual Studio Solution File, Format Version 12.00
# Visual Studio Version 17
VisualStudioVersion = 17.14.36518.9 d17.14
MinimumVisualStudioVersion = 10.0.40219.1
Project("{FAE04EC0-301F-11D3-BF4B-00C04F79EFBC}") = "kursach UI", "kursach UI\kursach UI.csproj", "{DF3748AD-2BEE-4261-A97C-1B25F10F5B68}"
EndProject
Project("{FAE04EC0-301F-11D3-BF4B-00C04F79EFBC}") = "EnDecodeMessage", "EnDecodeMessage\EnDecodeMessage.csproj", "{2C7AEF22-544D-4B8C-AACD-E273B74B7B48}"
EndProject
Global
	GlobalSection(SolutionConfigurationPlatforms) = preSolution
		Debug|Any CPU = Debug|Any CPU
		Release|Any CPU = Release|Any CPU
	EndGlobalSection
	GlobalSection(ProjectConfigurationPlatforms) = postSolution
		{DF3748AD-2BEE-4261-A97C-1B25F10F5B68}.Debug|Any CPU.ActiveCfg = Debug|Any CPU
		{DF3748AD-2BEE-4261-A97C-1B25F10F5B68}.Debug|Any CPU.Build.0 = Debug|Any CPU
		{DF3748AD-2BEE-4261-A97C-1B25F10F5B68}.Release|Any CPU.ActiveCfg = Release|Any CPU
		{DF3748AD-2BEE-4261-A97C-1B25F10F5B68}.Release|Any CPU.Build.0 = Release|Any CPU
		{2C7AEF22-544D-4B8C-AACD-E273B74B7B48}.Debug|Any CPU.ActiveCfg = Debug|Any CPU
		{2C7AEF22-544D-4B8C-AACD-E273B74B7B48}.Debug|Any CPU.Build.0 = Debug|Any CPU
		{2C7AEF22-544D-4B8C-AACD-E273B74B7B48}.Release|Any CPU.ActiveCfg = Release|Any CPU
		{2C7AEF22-544D-4B8C-AACD-E273B74B7B48}.Release|Any CPU.Build.0 = Release|Any CPU
	EndGlobalSection
	GlobalSection(SolutionProperties) = preSolution
		HideSolutionNode = FALSE
	EndGlobalSection
	GlobalSection(ExtensibilityGlobals) = postSolution
		SolutionGuid = {B28DB741-426C-4833-AB36-A2D4AF7F2565}
	EndGlobalSection
EndGlobal
